
Microsoft Visual Studio Solution File, Format Version 12.00
# Visual Studio Version 16
VisualStudioVersion = 16.0.30309.148
MinimumVisualStudioVersion = 10.0.40219.1
Project("{FAE04EC0-301F-11D3-BF4B-00C04F79EFBC}") = "RepeatedString", "RepeatedString.csproj", "{70F2A9A4-B7FD-496B-8706-938A0A69E942}"
EndProject
Global
	GlobalSection(SolutionConfigurationPlatforms) = preSolution
		Debug|Any CPU = Debug|Any CPU
		Release|Any CPU = Release|Any CPU
	EndGlobalSection
	GlobalSection(ProjectConfigurationPlatforms) = postSolution
		{70F2A9A4-B7FD-496B-8706-938A0A69E942}.Debug|Any CPU.ActiveCfg = Debug|Any CPU
		{70F2A9A4-B7FD-496B-8706-938A0A69E942}.Debug|Any CPU.Build.0 = Debug|Any CPU
		{70F2A9A4-B7FD-496B-8706-938A0A69E942}.Release|Any CPU.ActiveCfg = Release|Any CPU
		{70F2A9A4-B7FD-496B-8706-938A0A69E942}.Release|Any CPU.Build.0 = Release|Any CPU
	EndGlobalSection
	GlobalSection(SolutionProperties) = preSolution
		HideSolutionNode = FALSE
	EndGlobalSection
	GlobalSection(ExtensibilityGlobals) = postSolution
		SolutionGuid = {1B534A94-5BB8-413A-B4BD-DF882D9AE910}
	EndGlobalSection
EndGlobal
